<?xml version="1.0" encoding="utf-8"?>
<Project ToolsVersion="4.0" xmlns="http://schemas.microsoft.com/developer/msbuild/2003">
  <ItemGroup>
    <Filter Include="源文件">
      <UniqueIdentifier>{078FA924-41C4-4F0B-9E99-C2A9788C1960}</UniqueIdentifier>
      <Extensions>cpp;c;cc;cxx;c++;def;odl;idl;hpj;bat;asm;asmx</Extensions>
    </Filter>
    <Filter Include="头文件">
      <UniqueIdentifier>{9BD14083-525C-40E3-A56C-45933462B218}</UniqueIdentifier>
      <Extensions>h;hh;hpp;hxx;h++;hm;inl;inc;ipp;xsd</Extensions>
    </Filter>
  </ItemGroup>
  <ItemGroup>
    <ClCompile Include="src\analysis.cpp">
      <Filter>源文件</Filter>
    </ClCompile>
    <ClCompile Include="src\board.cpp">
      <Filter>源文件</Filter>
    </ClCompile>
    <ClCompile Include="src\gamedata.cpp">
      <Filter>源文件</Filter>
    </ClCompile>
    <ClCompile Include="src\logger.cpp">
      <Filter>源文件</Filter>
    </ClCompile>
    <ClCompile Include="src\main.cpp">
      <Filter>源文件</Filter>
    </ClCompile>
    <ClCompile Include="src\piece.cpp">
      <Filter>源文件</Filter>
    </ClCompile>
    <ClCompile Include="src\robot.cpp">
      <Filter>源文件</Filter>
    </ClCompile>
    <ClCompile Include="src\time.cpp">
      <Filter>源文件</Filter>
    </ClCompile>
    <ClCompile Include="src\ui.cpp">
      <Filter>源文件</Filter>
    </ClCompile>
  </ItemGroup>
  <ItemGroup>
    <ClInclude Include="src\analysis.h">
      <Filter>头文件</Filter>
    </ClInclude>
    <ClInclude Include="src\analysis_data.h">
      <Filter>头文件</Filter>
    </ClInclude>
    <ClInclude Include="src\board.h">
      <Filter>头文件</Filter>
    </ClInclude>
    <ClInclude Include="src\gamedata.h">
      <Filter>头文件</Filter>
    </ClInclude>
    <ClInclude Include="src\logger.h">
      <Filter>头文件</Filter>
    </ClInclude>
    <ClInclude Include="src\piece.h">
      <Filter>头文件</Filter>
    </ClInclude>
    <ClInclude Include="src\robot.h">
      <Filter>头文件</Filter>
    </ClInclude>
    <ClInclude Include="src\time.h">
      <Filter>头文件</Filter>
    </ClInclude>
    <ClInclude Include="src\ui.h">
      <Filter>头文件</Filter>
    </ClInclude>
  </ItemGroup>
</Project>
